
Microsoft Visual Studio Solution File, Format Version 12.00
# Visual Studio Version 17
VisualStudioVersion = 17.4.33205.214
MinimumVisualStudioVersion = 10.0.40219.1
Project("{FAE04EC0-301F-11D3-BF4B-00C04F79EFBC}") = "ClientAddIn", "ClientAddIn\ClientAddIn.csproj", "{E32AC4FB-1FB3-4611-ABAC-9049B034FFB2}"
	ProjectSection(ProjectDependencies) = postProject
		{DBBD0BD3-4589-4D60-A308-7D969AE4EEC5} = {DBBD0BD3-4589-4D60-A308-7D969AE4EEC5}
	EndProjectSection
EndProject
Project("{8BC9CEB8-8B4A-11D0-8D11-00A0C91BC942}") = "CLIProjectTemplate", "CLIProjectTemplate\CLIProjectTemplate.vcxproj", "{DBBD0BD3-4589-4D60-A308-7D969AE4EEC5}"
EndProject
Global
	GlobalSection(SolutionConfigurationPlatforms) = preSolution
		Debug|x64 = Debug|x64
		Release|x64 = Release|x64
	EndGlobalSection
	GlobalSection(ProjectConfigurationPlatforms) = postSolution
		{E32AC4FB-1FB3-4611-ABAC-9049B034FFB2}.Debug|x64.ActiveCfg = Debug|x64
		{E32AC4FB-1FB3-4611-ABAC-9049B034FFB2}.Debug|x64.Build.0 = Debug|x64
		{E32AC4FB-1FB3-4611-ABAC-9049B034FFB2}.Release|x64.ActiveCfg = Release|x64
		{E32AC4FB-1FB3-4611-ABAC-9049B034FFB2}.Release|x64.Build.0 = Release|x64
		{DBBD0BD3-4589-4D60-A308-7D969AE4EEC5}.Debug|x64.ActiveCfg = Release|x64
		{DBBD0BD3-4589-4D60-A308-7D969AE4EEC5}.Debug|x64.Build.0 = Release|x64
		{DBBD0BD3-4589-4D60-A308-7D969AE4EEC5}.Release|x64.ActiveCfg = Release|x64
		{DBBD0BD3-4589-4D60-A308-7D969AE4EEC5}.Release|x64.Build.0 = Release|x64
	EndGlobalSection
	GlobalSection(SolutionProperties) = preSolution
		HideSolutionNode = FALSE
	EndGlobalSection
	GlobalSection(ExtensibilityGlobals) = postSolution
		SolutionGuid = {7AF9CA4B-A071-4529-B192-CBC2283022D5}
	EndGlobalSection
EndGlobal
